# This file was autogenerated by Stack.
# You should not edit this file by hand.
# For more information, please see the documentation at:
#   https://docs.haskellstack.org/en/stable/lock_files

packages:
- completed:
    hackage: ghc-check-0.3.0.1@sha256:651d9b2b75a5cbdb3c942117801bfa566079bcaf20360e4d0959f9e575c30b39,1070
    pantry-tree:
      size: 453
      sha256: cf74dd383908de5982b2d02acc94acc66ee2f2f4ce30a8bc47614b3c68ffd0d8
  original:
    hackage: ghc-check-0.3.0.1@sha256:651d9b2b75a5cbdb3c942117801bfa566079bcaf20360e4d0959f9e575c30b39,1070
snapshots:
- completed:
    size: 524996
    url: https://raw.githubusercontent.com/commercialhaskell/stackage-snapshots/master/lts/14/27.yaml
    sha256: 7ea31a280c56bf36ff591a7397cc384d0dff622e7f9e4225b47d8980f019a0f0
  original: lts-14.27
